// !$*UTF8*$!
{
	archiveVersion = 1;
	classes = {
	};
	objectVersion = 51;
	objects = {

/* Begin PBXBuildFile section */
		162C51195BEB24FE36BCA75E /* Pods_TrickDraw.framework in Frameworks */ = {isa = PBXBuildFile; fileRef = C3E183CF5359B91EDB444BB4 /* Pods_TrickDraw.framework */; };
		7810279C2515632500B493BC /* AuthWrapperView.swift in Sources */ = {isa = PBXBuildFile; fileRef = 7810279B2515632500B493BC /* AuthWrapperView.swift */; };
		781027DA2515860E00B493BC /* ReadyScreenView.swift in Sources */ = {isa = PBXBuildFile; fileRef = 781027D92515860E00B493BC /* ReadyScreenView.swift */; };
		781027DF2515863600B493BC /* ReadyScreenViewModel.swift in Sources */ = {isa = PBXBuildFile; fileRef = 781027DE2515863600B493BC /* ReadyScreenViewModel.swift */; };
		781027E6251589B300B493BC /* PlayContainerViewModel.swift in Sources */ = {isa = PBXBuildFile; fileRef = 781027E5251589B300B493BC /* PlayContainerViewModel.swift */; };
		781027EE251589BC00B493BC /* PlayContainerView.swift in Sources */ = {isa = PBXBuildFile; fileRef = 781027ED251589BC00B493BC /* PlayContainerView.swift */; };
		781027FA2516612100B493BC /* Player.swift in Sources */ = {isa = PBXBuildFile; fileRef = 781027F92516612100B493BC /* Player.swift */; };
		784C8813251156E500943942 /* models in Resources */ = {isa = PBXBuildFile; fileRef = 784C8812251156E500943942 /* models */; };
		784C88152511598400943942 /* TFLiteExtensions.swift in Sources */ = {isa = PBXBuildFile; fileRef = 784C88142511598400943942 /* TFLiteExtensions.swift */; };
		785041CA251A758C008391AA /* PlayInfo.swift in Sources */ = {isa = PBXBuildFile; fileRef = 785041C9251A758C008391AA /* PlayInfo.swift */; };
		785041E1251A7635008391AA /* GuessScreenView.swift in Sources */ = {isa = PBXBuildFile; fileRef = 785041E0251A7635008391AA /* GuessScreenView.swift */; };
		785980D7251146F800722FDE /* ModelDataHandling.swift in Sources */ = {isa = PBXBuildFile; fileRef = 785980D6251146F800722FDE /* ModelDataHandling.swift */; };
		785980D92511472800722FDE /* QuickDrawModelDataHandler.swift in Sources */ = {isa = PBXBuildFile; fileRef = 785980D82511472800722FDE /* QuickDrawModelDataHandler.swift */; };
		78732C6F251424C6005ABFBE /* GameSession.swift in Sources */ = {isa = PBXBuildFile; fileRef = 78732C6E251424C6005ABFBE /* GameSession.swift */; };
		78732C8E25144EC3005ABFBE /* DrawScreenView.swift in Sources */ = {isa = PBXBuildFile; fileRef = 78732C8D25144EC3005ABFBE /* DrawScreenView.swift */; };
		78732CA4251467DB005ABFBE /* CanvasViewWrapper.swift in Sources */ = {isa = PBXBuildFile; fileRef = 78732CA3251467DB005ABFBE /* CanvasViewWrapper.swift */; };
		78732CB825150F68005ABFBE /* DrawScreenViewModel.swift in Sources */ = {isa = PBXBuildFile; fileRef = 78732CB725150F68005ABFBE /* DrawScreenViewModel.swift */; };
		78732CC12515129F005ABFBE /* DrawGuessCommonOnlineViewModel.swift in Sources */ = {isa = PBXBuildFile; fileRef = 78732CC02515129F005ABFBE /* DrawGuessCommonOnlineViewModel.swift */; };
		78732CCD251517EA005ABFBE /* LobbyScreenView.swift in Sources */ = {isa = PBXBuildFile; fileRef = 78732CCC251517EA005ABFBE /* LobbyScreenView.swift */; };
		78732D0425151EA2005ABFBE /* LobbyScreenViewModel.swift in Sources */ = {isa = PBXBuildFile; fileRef = 78732D0325151EA2005ABFBE /* LobbyScreenViewModel.swift */; };
		78925BBF25195750009B9096 /* GoogleService-Info.plist in Resources */ = {isa = PBXBuildFile; fileRef = 78925BBE25195750009B9096 /* GoogleService-Info.plist */; };
		78925BC725197FDF009B9096 /* LoadableResult.swift in Sources */ = {isa = PBXBuildFile; fileRef = 78925BC625197FDF009B9096 /* LoadableResult.swift */; };
		789F0BD4251124C100C7CD01 /* AppDelegate.swift in Sources */ = {isa = PBXBuildFile; fileRef = 789F0BD3251124C100C7CD01 /* AppDelegate.swift */; };
		789F0BD6251124C100C7CD01 /* SceneDelegate.swift in Sources */ = {isa = PBXBuildFile; fileRef = 789F0BD5251124C100C7CD01 /* SceneDelegate.swift */; };
		789F0BD8251124C100C7CD01 /* ContentView.swift in Sources */ = {isa = PBXBuildFile; fileRef = 789F0BD7251124C100C7CD01 /* ContentView.swift */; };
		789F0BDA251124C400C7CD01 /* Assets.xcassets in Resources */ = {isa = PBXBuildFile; fileRef = 789F0BD9251124C400C7CD01 /* Assets.xcassets */; };
		789F0BDD251124C400C7CD01 /* Preview Assets.xcassets in Resources */ = {isa = PBXBuildFile; fileRef = 789F0BDC251124C400C7CD01 /* Preview Assets.xcassets */; };
		789F0BE0251124C400C7CD01 /* LaunchScreen.storyboard in Resources */ = {isa = PBXBuildFile; fileRef = 789F0BDE251124C400C7CD01 /* LaunchScreen.storyboard */; };
		789F0BEB251124C400C7CD01 /* TrickDrawTests.swift in Sources */ = {isa = PBXBuildFile; fileRef = 789F0BEA251124C400C7CD01 /* TrickDrawTests.swift */; };
		789F0BF6251124C400C7CD01 /* TrickDrawUITests.swift in Sources */ = {isa = PBXBuildFile; fileRef = 789F0BF5251124C400C7CD01 /* TrickDrawUITests.swift */; };
		78D124E4251915A6005DA2A4 /* GameAPI.swift in Sources */ = {isa = PBXBuildFile; fileRef = 78D124E3251915A6005DA2A4 /* GameAPI.swift */; };
		E987CCE786C3C5F599175C49 /* Pods_TrickDraw_TrickDrawUITests.framework in Frameworks */ = {isa = PBXBuildFile; fileRef = 6DB605AC70593670866E6471 /* Pods_TrickDraw_TrickDrawUITests.framework */; };
		F0C975F96820311532F85553 /* Pods_TrickDrawTests.framework in Frameworks */ = {isa = PBXBuildFile; fileRef = 4ACD583CCD21E5F498D542CF /* Pods_TrickDrawTests.framework */; };
/* End PBXBuildFile section */

/* Begin PBXContainerItemProxy section */
		789F0BE7251124C400C7CD01 /* PBXContainerItemProxy */ = {
			isa = PBXContainerItemProxy;
			containerPortal = 789F0BC8251124C100C7CD01 /* Project object */;
			proxyType = 1;
			remoteGlobalIDString = 789F0BCF251124C100C7CD01;
			remoteInfo = TrickDraw;
		};
		789F0BF2251124C400C7CD01 /* PBXContainerItemProxy */ = {
			isa = PBXContainerItemProxy;
			containerPortal = 789F0BC8251124C100C7CD01 /* Project object */;
			proxyType = 1;
			remoteGlobalIDString = 789F0BCF251124C100C7CD01;
			remoteInfo = TrickDraw;
		};
/* End PBXContainerItemProxy section */

/* Begin PBXFileReference section */
		16DCF88B05FA6FE1C3257D6A /* Pods-TrickDraw.release.xcconfig */ = {isa = PBXFileReference; includeInIndex = 1; lastKnownFileType = text.xcconfig; name = "Pods-TrickDraw.release.xcconfig"; path = "Target Support Files/Pods-TrickDraw/Pods-TrickDraw.release.xcconfig"; sourceTree = "<group>"; };
		38FB1D5554FA3C0A8C6D15B3 /* Pods-TrickDraw.debug.xcconfig */ = {isa = PBXFileReference; includeInIndex = 1; lastKnownFileType = text.xcconfig; name = "Pods-TrickDraw.debug.xcconfig"; path = "Target Support Files/Pods-TrickDraw/Pods-TrickDraw.debug.xcconfig"; sourceTree = "<group>"; };
		464B7F433751615EBF0DE4E6 /* Pods-TrickDraw-TrickDrawUITests.debug.xcconfig */ = {isa = PBXFileReference; includeInIndex = 1; lastKnownFileType = text.xcconfig; name = "Pods-TrickDraw-TrickDrawUITests.debug.xcconfig"; path = "Target Support Files/Pods-TrickDraw-TrickDrawUITests/Pods-TrickDraw-TrickDrawUITests.debug.xcconfig"; sourceTree = "<group>"; };
		4ACD583CCD21E5F498D542CF /* Pods_TrickDrawTests.framework */ = {isa = PBXFileReference; explicitFileType = wrapper.framework; includeInIndex = 0; path = Pods_TrickDrawTests.framework; sourceTree = BUILT_PRODUCTS_DIR; };
		6CE80A37E82EFF630AEB2250 /* Pods-TrickDrawTests.release.xcconfig */ = {isa = PBXFileReference; includeInIndex = 1; lastKnownFileType = text.xcconfig; name = "Pods-TrickDrawTests.release.xcconfig"; path = "Target Support Files/Pods-TrickDrawTests/Pods-TrickDrawTests.release.xcconfig"; sourceTree = "<group>"; };
		6DB605AC70593670866E6471 /* Pods_TrickDraw_TrickDrawUITests.framework */ = {isa = PBXFileReference; explicitFileType = wrapper.framework; includeInIndex = 0; path = Pods_TrickDraw_TrickDrawUITests.framework; sourceTree = BUILT_PRODUCTS_DIR; };
		7810279B2515632500B493BC /* AuthWrapperView.swift */ = {isa = PBXFileReference; lastKnownFileType = sourcecode.swift; path = AuthWrapperView.swift; sourceTree = "<group>"; };
		781027D92515860E00B493BC /* ReadyScreenView.swift */ = {isa = PBXFileReference; lastKnownFileType = sourcecode.swift; path = ReadyScreenView.swift; sourceTree = "<group>"; };
		781027DE2515863600B493BC /* ReadyScreenViewModel.swift */ = {isa = PBXFileReference; lastKnownFileType = sourcecode.swift; path = ReadyScreenViewModel.swift; sourceTree = "<group>"; };
		781027E5251589B300B493BC /* PlayContainerViewModel.swift */ = {isa = PBXFileReference; lastKnownFileType = sourcecode.swift; path = PlayContainerViewModel.swift; sourceTree = "<group>"; };
		781027ED251589BC00B493BC /* PlayContainerView.swift */ = {isa = PBXFileReference; lastKnownFileType = sourcecode.swift; path = PlayContainerView.swift; sourceTree = "<group>"; };
		781027F92516612100B493BC /* Player.swift */ = {isa = PBXFileReference; lastKnownFileType = sourcecode.swift; path = Player.swift; sourceTree = "<group>"; };
		784C8812251156E500943942 /* models */ = {isa = PBXFileReference; fileEncoding = 4; lastKnownFileType = text; path = models; sourceTree = SOURCE_ROOT; };
		784C88142511598400943942 /* TFLiteExtensions.swift */ = {isa = PBXFileReference; lastKnownFileType = sourcecode.swift; path = TFLiteExtensions.swift; sourceTree = "<group>"; };
		785041C9251A758C008391AA /* PlayInfo.swift */ = {isa = PBXFileReference; lastKnownFileType = sourcecode.swift; path = PlayInfo.swift; sourceTree = "<group>"; };
		785041E0251A7635008391AA /* GuessScreenView.swift */ = {isa = PBXFileReference; fileEncoding = 4; lastKnownFileType = sourcecode.swift; path = GuessScreenView.swift; sourceTree = "<group>"; };
		785980D6251146F800722FDE /* ModelDataHandling.swift */ = {isa = PBXFileReference; lastKnownFileType = sourcecode.swift; path = ModelDataHandling.swift; sourceTree = "<group>"; };
		785980D82511472800722FDE /* QuickDrawModelDataHandler.swift */ = {isa = PBXFileReference; lastKnownFileType = sourcecode.swift; path = QuickDrawModelDataHandler.swift; sourceTree = "<group>"; };
		78732C6E251424C6005ABFBE /* GameSession.swift */ = {isa = PBXFileReference; lastKnownFileType = sourcecode.swift; path = GameSession.swift; sourceTree = "<group>"; };
		78732C8D25144EC3005ABFBE /* DrawScreenView.swift */ = {isa = PBXFileReference; lastKnownFileType = sourcecode.swift; path = DrawScreenView.swift; sourceTree = "<group>"; };
		78732CA3251467DB005ABFBE /* CanvasViewWrapper.swift */ = {isa = PBXFileReference; lastKnownFileType = sourcecode.swift; path = CanvasViewWrapper.swift; sourceTree = "<group>"; };
		78732CB725150F68005ABFBE /* DrawScreenViewModel.swift */ = {isa = PBXFileReference; lastKnownFileType = sourcecode.swift; path = DrawScreenViewModel.swift; sourceTree = "<group>"; };
		78732CC02515129F005ABFBE /* DrawGuessCommonOnlineViewModel.swift */ = {isa = PBXFileReference; lastKnownFileType = sourcecode.swift; path = DrawGuessCommonOnlineViewModel.swift; sourceTree = "<group>"; };
		78732CCC251517EA005ABFBE /* LobbyScreenView.swift */ = {isa = PBXFileReference; lastKnownFileType = sourcecode.swift; path = LobbyScreenView.swift; sourceTree = "<group>"; };
		78732D0325151EA2005ABFBE /* LobbyScreenViewModel.swift */ = {isa = PBXFileReference; lastKnownFileType = sourcecode.swift; path = LobbyScreenViewModel.swift; sourceTree = "<group>"; };
		78925BBE25195750009B9096 /* GoogleService-Info.plist */ = {isa = PBXFileReference; fileEncoding = 4; lastKnownFileType = text.plist.xml; path = "GoogleService-Info.plist"; sourceTree = "<group>"; };
		78925BC625197FDF009B9096 /* LoadableResult.swift */ = {isa = PBXFileReference; lastKnownFileType = sourcecode.swift; path = LoadableResult.swift; sourceTree = "<group>"; };
		789F0BD0251124C100C7CD01 /* TrickDraw.app */ = {isa = PBXFileReference; explicitFileType = wrapper.application; includeInIndex = 0; path = TrickDraw.app; sourceTree = BUILT_PRODUCTS_DIR; };
		789F0BD3251124C100C7CD01 /* AppDelegate.swift */ = {isa = PBXFileReference; lastKnownFileType = sourcecode.swift; path = AppDelegate.swift; sourceTree = "<group>"; };
		789F0BD5251124C100C7CD01 /* SceneDelegate.swift */ = {isa = PBXFileReference; lastKnownFileType = sourcecode.swift; path = SceneDelegate.swift; sourceTree = "<group>"; };
		789F0BD7251124C100C7CD01 /* ContentView.swift */ = {isa = PBXFileReference; lastKnownFileType = sourcecode.swift; path = ContentView.swift; sourceTree = "<group>"; };
		789F0BD9251124C400C7CD01 /* Assets.xcassets */ = {isa = PBXFileReference; lastKnownFileType = folder.assetcatalog; path = Assets.xcassets; sourceTree = "<group>"; };
		789F0BDC251124C400C7CD01 /* Preview Assets.xcassets */ = {isa = PBXFileReference; lastKnownFileType = folder.assetcatalog; path = "Preview Assets.xcassets"; sourceTree = "<group>"; };
		789F0BDF251124C400C7CD01 /* Base */ = {isa = PBXFileReference; lastKnownFileType = file.storyboard; name = Base; path = Base.lproj/LaunchScreen.storyboard; sourceTree = "<group>"; };
		789F0BE1251124C400C7CD01 /* Info.plist */ = {isa = PBXFileReference; lastKnownFileType = text.plist.xml; path = Info.plist; sourceTree = "<group>"; };
		789F0BE6251124C400C7CD01 /* TrickDrawTests.xctest */ = {isa = PBXFileReference; explicitFileType = wrapper.cfbundle; includeInIndex = 0; path = TrickDrawTests.xctest; sourceTree = BUILT_PRODUCTS_DIR; };
		789F0BEA251124C400C7CD01 /* TrickDrawTests.swift */ = {isa = PBXFileReference; lastKnownFileType = sourcecode.swift; path = TrickDrawTests.swift; sourceTree = "<group>"; };
		789F0BEC251124C400C7CD01 /* Info.plist */ = {isa = PBXFileReference; lastKnownFileType = text.plist.xml; path = Info.plist; sourceTree = "<group>"; };
		789F0BF1251124C400C7CD01 /* TrickDrawUITests.xctest */ = {isa = PBXFileReference; explicitFileType = wrapper.cfbundle; includeInIndex = 0; path = TrickDrawUITests.xctest; sourceTree = BUILT_PRODUCTS_DIR; };
		789F0BF5251124C400C7CD01 /* TrickDrawUITests.swift */ = {isa = PBXFileReference; lastKnownFileType = sourcecode.swift; path = TrickDrawUITests.swift; sourceTree = "<group>"; };
		789F0BF7251124C400C7CD01 /* Info.plist */ = {isa = PBXFileReference; lastKnownFileType = text.plist.xml; path = Info.plist; sourceTree = "<group>"; };
		78D124E3251915A6005DA2A4 /* GameAPI.swift */ = {isa = PBXFileReference; lastKnownFileType = sourcecode.swift; path = GameAPI.swift; sourceTree = "<group>"; };
		ADBBBCCFECB515A0B667AABC /* Pods-TrickDraw-TrickDrawUITests.release.xcconfig */ = {isa = PBXFileReference; includeInIndex = 1; lastKnownFileType = text.xcconfig; name = "Pods-TrickDraw-TrickDrawUITests.release.xcconfig"; path = "Target Support Files/Pods-TrickDraw-TrickDrawUITests/Pods-TrickDraw-TrickDrawUITests.release.xcconfig"; sourceTree = "<group>"; };
		C3935E74DF1B9EF97481F93C /* Pods-TrickDrawTests.debug.xcconfig */ = {isa = PBXFileReference; includeInIndex = 1; lastKnownFileType = text.xcconfig; name = "Pods-TrickDrawTests.debug.xcconfig"; path = "Target Support Files/Pods-TrickDrawTests/Pods-TrickDrawTests.debug.xcconfig"; sourceTree = "<group>"; };
		C3E183CF5359B91EDB444BB4 /* Pods_TrickDraw.framework */ = {isa = PBXFileReference; explicitFileType = wrapper.framework; includeInIndex = 0; path = Pods_TrickDraw.framework; sourceTree = BUILT_PRODUCTS_DIR; };
/* End PBXFileReference section */

/* Begin PBXFrameworksBuildPhase section */
		789F0BCD251124C100C7CD01 /* Frameworks */ = {
			isa = PBXFrameworksBuildPhase;
			buildActionMask = 2147483647;
			files = (
				162C51195BEB24FE36BCA75E /* Pods_TrickDraw.framework in Frameworks */,
			);
			runOnlyForDeploymentPostprocessing = 0;
		};
		789F0BE3251124C400C7CD01 /* Frameworks */ = {
			isa = PBXFrameworksBuildPhase;
			buildActionMask = 2147483647;
			files = (
				F0C975F96820311532F85553 /* Pods_TrickDrawTests.framework in Frameworks */,
			);
			runOnlyForDeploymentPostprocessing = 0;
		};
		789F0BEE251124C400C7CD01 /* Frameworks */ = {
			isa = PBXFrameworksBuildPhase;
			buildActionMask = 2147483647;
			files = (
				E987CCE786C3C5F599175C49 /* Pods_TrickDraw_TrickDrawUITests.framework in Frameworks */,
			);
			runOnlyForDeploymentPostprocessing = 0;
		};
/* End PBXFrameworksBuildPhase section */

/* Begin PBXGroup section */
		5E727C05C6EBF6C4A7518BF0 /* Pods */ = {
			isa = PBXGroup;
			children = (
				38FB1D5554FA3C0A8C6D15B3 /* Pods-TrickDraw.debug.xcconfig */,
				16DCF88B05FA6FE1C3257D6A /* Pods-TrickDraw.release.xcconfig */,
				464B7F433751615EBF0DE4E6 /* Pods-TrickDraw-TrickDrawUITests.debug.xcconfig */,
				ADBBBCCFECB515A0B667AABC /* Pods-TrickDraw-TrickDrawUITests.release.xcconfig */,
				C3935E74DF1B9EF97481F93C /* Pods-TrickDrawTests.debug.xcconfig */,
				6CE80A37E82EFF630AEB2250 /* Pods-TrickDrawTests.release.xcconfig */,
			);
			path = Pods;
			sourceTree = "<group>";
		};
		7810279A2515630B00B493BC /* AuthWrapper */ = {
			isa = PBXGroup;
			children = (
				7810279B2515632500B493BC /* AuthWrapperView.swift */,
			);
			path = AuthWrapper;
			sourceTree = "<group>";
		};
		781027D82515833A00B493BC /* ReadyScreen */ = {
			isa = PBXGroup;
			children = (
				781027D92515860E00B493BC /* ReadyScreenView.swift */,
				781027DE2515863600B493BC /* ReadyScreenViewModel.swift */,
			);
			path = ReadyScreen;
			sourceTree = "<group>";
		};
		781027E32515898700B493BC /* PlayContainer */ = {
			isa = PBXGroup;
			children = (
				781027ED251589BC00B493BC /* PlayContainerView.swift */,
				781027E5251589B300B493BC /* PlayContainerViewModel.swift */,
				785041C9251A758C008391AA /* PlayInfo.swift */,
			);
			path = PlayContainer;
			sourceTree = "<group>";
		};
		781027E42515899C00B493BC /* PlayScreens */ = {
			isa = PBXGroup;
			children = (
				78732CA3251467DB005ABFBE /* CanvasViewWrapper.swift */,
				781027E32515898700B493BC /* PlayContainer */,
				781027D82515833A00B493BC /* ReadyScreen */,
				78732CAB25150F12005ABFBE /* DrawScreen */,
				785041DF251A7635008391AA /* GuessScreen */,
			);
			path = PlayScreens;
			sourceTree = "<group>";
		};
		785041DF251A7635008391AA /* GuessScreen */ = {
			isa = PBXGroup;
			children = (
				785041E0251A7635008391AA /* GuessScreenView.swift */,
			);
			path = GuessScreen;
			sourceTree = "<group>";
		};
		785980D5251146E400722FDE /* ModelDataHandler */ = {
			isa = PBXGroup;
			children = (
				785980D6251146F800722FDE /* ModelDataHandling.swift */,
				785980D82511472800722FDE /* QuickDrawModelDataHandler.swift */,
			);
			path = ModelDataHandler;
			sourceTree = "<group>";
		};
		78732C6C251424AD005ABFBE /* Inference */ = {
			isa = PBXGroup;
			children = (
				787A4DE4251275C60066BD39 /* Util */,
				785980D5251146E400722FDE /* ModelDataHandler */,
			);
			path = Inference;
			sourceTree = "<group>";
		};
		78732C6D251424BA005ABFBE /* Game */ = {
			isa = PBXGroup;
			children = (
				78D124E225191597005DA2A4 /* API */,
				78732C8C25144EB6005ABFBE /* Screens */,
				78732C8B25144EAC005ABFBE /* Models */,
			);
			path = Game;
			sourceTree = "<group>";
		};
		78732C8B25144EAC005ABFBE /* Models */ = {
			isa = PBXGroup;
			children = (
				78732C6E251424C6005ABFBE /* GameSession.swift */,
				781027F92516612100B493BC /* Player.swift */,
			);
			path = Models;
			sourceTree = "<group>";
		};
		78732C8C25144EB6005ABFBE /* Screens */ = {
			isa = PBXGroup;
			children = (
				781027E42515899C00B493BC /* PlayScreens */,
				7810279A2515630B00B493BC /* AuthWrapper */,
				78732CCB251517D5005ABFBE /* LobbyScreen */,
				78732CC02515129F005ABFBE /* DrawGuessCommonOnlineViewModel.swift */,
			);
			path = Screens;
			sourceTree = "<group>";
		};
		78732CAB25150F12005ABFBE /* DrawScreen */ = {
			isa = PBXGroup;
			children = (
				78732C8D25144EC3005ABFBE /* DrawScreenView.swift */,
				78732CB725150F68005ABFBE /* DrawScreenViewModel.swift */,
			);
			path = DrawScreen;
			sourceTree = "<group>";
		};
		78732CCB251517D5005ABFBE /* LobbyScreen */ = {
			isa = PBXGroup;
			children = (
				78732CCC251517EA005ABFBE /* LobbyScreenView.swift */,
				78732D0325151EA2005ABFBE /* LobbyScreenViewModel.swift */,
			);
			path = LobbyScreen;
			sourceTree = "<group>";
		};
		787A4DE4251275C60066BD39 /* Util */ = {
			isa = PBXGroup;
			children = (
				784C88142511598400943942 /* TFLiteExtensions.swift */,
			);
			path = Util;
			sourceTree = "<group>";
		};
		789F0BC7251124C100C7CD01 = {
			isa = PBXGroup;
			children = (
				789F0BD2251124C100C7CD01 /* TrickDraw */,
				789F0BE9251124C400C7CD01 /* TrickDrawTests */,
				789F0BF4251124C400C7CD01 /* TrickDrawUITests */,
				789F0BD1251124C100C7CD01 /* Products */,
				5E727C05C6EBF6C4A7518BF0 /* Pods */,
				96554DB4DD79FE4274001AB4 /* Frameworks */,
			);
			sourceTree = "<group>";
		};
		789F0BD1251124C100C7CD01 /* Products */ = {
			isa = PBXGroup;
			children = (
				789F0BD0251124C100C7CD01 /* TrickDraw.app */,
				789F0BE6251124C400C7CD01 /* TrickDrawTests.xctest */,
				789F0BF1251124C400C7CD01 /* TrickDrawUITests.xctest */,
			);
			name = Products;
			sourceTree = "<group>";
		};
		789F0BD2251124C100C7CD01 /* TrickDraw */ = {
			isa = PBXGroup;
			children = (
				78732C6D251424BA005ABFBE /* Game */,
				78732C6C251424AD005ABFBE /* Inference */,
				784C8812251156E500943942 /* models */,
				789F0BD3251124C100C7CD01 /* AppDelegate.swift */,
				789F0BD5251124C100C7CD01 /* SceneDelegate.swift */,
				789F0BD7251124C100C7CD01 /* ContentView.swift */,
				789F0BD9251124C400C7CD01 /* Assets.xcassets */,
				789F0BDE251124C400C7CD01 /* LaunchScreen.storyboard */,
				789F0BE1251124C400C7CD01 /* Info.plist */,
				78925BBE25195750009B9096 /* GoogleService-Info.plist */,
				789F0BDB251124C400C7CD01 /* Preview Content */,
			);
			path = TrickDraw;
			sourceTree = "<group>";
		};
		789F0BDB251124C400C7CD01 /* Preview Content */ = {
			isa = PBXGroup;
			children = (
				789F0BDC251124C400C7CD01 /* Preview Assets.xcassets */,
			);
			path = "Preview Content";
			sourceTree = "<group>";
		};
		789F0BE9251124C400C7CD01 /* TrickDrawTests */ = {
			isa = PBXGroup;
			children = (
				789F0BEA251124C400C7CD01 /* TrickDrawTests.swift */,
				789F0BEC251124C400C7CD01 /* Info.plist */,
			);
			path = TrickDrawTests;
			sourceTree = "<group>";
		};
		789F0BF4251124C400C7CD01 /* TrickDrawUITests */ = {
			isa = PBXGroup;
			children = (
				789F0BF5251124C400C7CD01 /* TrickDrawUITests.swift */,
				789F0BF7251124C400C7CD01 /* Info.plist */,
			);
			path = TrickDrawUITests;
			sourceTree = "<group>";
		};
		78D124E225191597005DA2A4 /* API */ = {
			isa = PBXGroup;
			children = (
				78925BC625197FDF009B9096 /* LoadableResult.swift */,
				78D124E3251915A6005DA2A4 /* GameAPI.swift */,
			);
			path = API;
			sourceTree = "<group>";
		};
		96554DB4DD79FE4274001AB4 /* Frameworks */ = {
			isa = PBXGroup;
			children = (
				C3E183CF5359B91EDB444BB4 /* Pods_TrickDraw.framework */,
				6DB605AC70593670866E6471 /* Pods_TrickDraw_TrickDrawUITests.framework */,
				4ACD583CCD21E5F498D542CF /* Pods_TrickDrawTests.framework */,
			);
			name = Frameworks;
			sourceTree = "<group>";
		};
/* End PBXGroup section */

/* Begin PBXNativeTarget section */
		789F0BCF251124C100C7CD01 /* TrickDraw */ = {
			isa = PBXNativeTarget;
			buildConfigurationList = 789F0BFA251124C400C7CD01 /* Build configuration list for PBXNativeTarget "TrickDraw" */;
			buildPhases = (
				043855A2283CE6DEB3E1575B /* [CP] Check Pods Manifest.lock */,
				789F0BCC251124C100C7CD01 /* Sources */,
				789F0BCD251124C100C7CD01 /* Frameworks */,
				789F0BCE251124C100C7CD01 /* Resources */,
				8A58FDAA41F09616652721FE /* [CP] Embed Pods Frameworks */,
			);
			buildRules = (
			);
			dependencies = (
			);
			name = TrickDraw;
			productName = TrickDraw;
			productReference = 789F0BD0251124C100C7CD01 /* TrickDraw.app */;
			productType = "com.apple.product-type.application";
		};
		789F0BE5251124C400C7CD01 /* TrickDrawTests */ = {
			isa = PBXNativeTarget;
			buildConfigurationList = 789F0BFD251124C400C7CD01 /* Build configuration list for PBXNativeTarget "TrickDrawTests" */;
			buildPhases = (
				6A15DEA6EB4B117B08708D55 /* [CP] Check Pods Manifest.lock */,
				789F0BE2251124C400C7CD01 /* Sources */,
				789F0BE3251124C400C7CD01 /* Frameworks */,
				789F0BE4251124C400C7CD01 /* Resources */,
			);
			buildRules = (
			);
			dependencies = (
				789F0BE8251124C400C7CD01 /* PBXTargetDependency */,
			);
			name = TrickDrawTests;
			productName = TrickDrawTests;
			productReference = 789F0BE6251124C400C7CD01 /* TrickDrawTests.xctest */;
			productType = "com.apple.product-type.bundle.unit-test";
		};
		789F0BF0251124C400C7CD01 /* TrickDrawUITests */ = {
			isa = PBXNativeTarget;
			buildConfigurationList = 789F0C00251124C400C7CD01 /* Build configuration list for PBXNativeTarget "TrickDrawUITests" */;
			buildPhases = (
				A7D1027B533162DFE3DEEE45 /* [CP] Check Pods Manifest.lock */,
				789F0BED251124C400C7CD01 /* Sources */,
				789F0BEE251124C400C7CD01 /* Frameworks */,
				789F0BEF251124C400C7CD01 /* Resources */,
				90770854EC25D21D3BB614CE /* [CP] Embed Pods Frameworks */,
			);
			buildRules = (
			);
			dependencies = (
				789F0BF3251124C400C7CD01 /* PBXTargetDependency */,
			);
			name = TrickDrawUITests;
			productName = TrickDrawUITests;
			productReference = 789F0BF1251124C400C7CD01 /* TrickDrawUITests.xctest */;
			productType = "com.apple.product-type.bundle.ui-testing";
		};
/* End PBXNativeTarget section */

/* Begin PBXProject section */
		789F0BC8251124C100C7CD01 /* Project object */ = {
			isa = PBXProject;
			attributes = {
				LastSwiftUpdateCheck = 1170;
				LastUpgradeCheck = 1170;
				ORGANIZATIONNAME = Google;
				TargetAttributes = {
					789F0BCF251124C100C7CD01 = {
						CreatedOnToolsVersion = 11.7;
					};
					789F0BE5251124C400C7CD01 = {
						CreatedOnToolsVersion = 11.7;
						TestTargetID = 789F0BCF251124C100C7CD01;
					};
					789F0BF0251124C400C7CD01 = {
						CreatedOnToolsVersion = 11.7;
						TestTargetID = 789F0BCF251124C100C7CD01;
					};
				};
			};
			buildConfigurationList = 789F0BCB251124C100C7CD01 /* Build configuration list for PBXProject "TrickDraw" */;
			compatibilityVersion = "Xcode 9.3";
			developmentRegion = en;
			hasScannedForEncodings = 0;
			knownRegions = (
				en,
				Base,
			);
			mainGroup = 789F0BC7251124C100C7CD01;
			productRefGroup = 789F0BD1251124C100C7CD01 /* Products */;
			projectDirPath = "";
			projectRoot = "";
			targets = (
				789F0BCF251124C100C7CD01 /* TrickDraw */,
				789F0BE5251124C400C7CD01 /* TrickDrawTests */,
				789F0BF0251124C400C7CD01 /* TrickDrawUITests */,
			);
		};
/* End PBXProject section */

/* Begin PBXResourcesBuildPhase section */
		789F0BCE251124C100C7CD01 /* Resources */ = {
			isa = PBXResourcesBuildPhase;
			buildActionMask = 2147483647;
			files = (
				789F0BE0251124C400C7CD01 /* LaunchScreen.storyboard in Resources */,
				789F0BDD251124C400C7CD01 /* Preview Assets.xcassets in Resources */,
				78925BBF25195750009B9096 /* GoogleService-Info.plist in Resources */,
				784C8813251156E500943942 /* models in Resources */,
				789F0BDA251124C400C7CD01 /* Assets.xcassets in Resources */,
			);
			runOnlyForDeploymentPostprocessing = 0;
		};
		789F0BE4251124C400C7CD01 /* Resources */ = {
			isa = PBXResourcesBuildPhase;
			buildActionMask = 2147483647;
			files = (
			);
			runOnlyForDeploymentPostprocessing = 0;
		};
		789F0BEF251124C400C7CD01 /* Resources */ = {
			isa = PBXResourcesBuildPhase;
			buildActionMask = 2147483647;
			files = (
			);
			runOnlyForDeploymentPostprocessing = 0;
		};
/* End PBXResourcesBuildPhase section */

/* Begin PBXShellScriptBuildPhase section */
		043855A2283CE6DEB3E1575B /* [CP] Check Pods Manifest.lock */ = {
			isa = PBXShellScriptBuildPhase;
			buildActionMask = 2147483647;
			files = (
			);
			inputFileListPaths = (
			);
			inputPaths = (
				"${PODS_PODFILE_DIR_PATH}/Podfile.lock",
				"${PODS_ROOT}/Manifest.lock",
			);
			name = "[CP] Check Pods Manifest.lock";
			outputFileListPaths = (
			);
			outputPaths = (
				"$(DERIVED_FILE_DIR)/Pods-TrickDraw-checkManifestLockResult.txt",
			);
			runOnlyForDeploymentPostprocessing = 0;
			shellPath = /bin/sh;
			shellScript = "diff \"${PODS_PODFILE_DIR_PATH}/Podfile.lock\" \"${PODS_ROOT}/Manifest.lock\" > /dev/null\nif [ $? != 0 ] ; then\n    # print error to STDERR\n    echo \"error: The sandbox is not in sync with the Podfile.lock. Run 'pod install' or update your CocoaPods installation.\" >&2\n    exit 1\nfi\n# This output is used by Xcode 'outputs' to avoid re-running this script phase.\necho \"SUCCESS\" > \"${SCRIPT_OUTPUT_FILE_0}\"\n";
			showEnvVarsInLog = 0;
		};
		6A15DEA6EB4B117B08708D55 /* [CP] Check Pods Manifest.lock */ = {
			isa = PBXShellScriptBuildPhase;
			buildActionMask = 2147483647;
			files = (
			);
			inputFileListPaths = (
			);
			inputPaths = (
				"${PODS_PODFILE_DIR_PATH}/Podfile.lock",
				"${PODS_ROOT}/Manifest.lock",
			);
			name = "[CP] Check Pods Manifest.lock";
			outputFileListPaths = (
			);
			outputPaths = (
				"$(DERIVED_FILE_DIR)/Pods-TrickDrawTests-checkManifestLockResult.txt",
			);
			runOnlyForDeploymentPostprocessing = 0;
			shellPath = /bin/sh;
			shellScript = "diff \"${PODS_PODFILE_DIR_PATH}/Podfile.lock\" \"${PODS_ROOT}/Manifest.lock\" > /dev/null\nif [ $? != 0 ] ; then\n    # print error to STDERR\n    echo \"error: The sandbox is not in sync with the Podfile.lock. Run 'pod install' or update your CocoaPods installation.\" >&2\n    exit 1\nfi\n# This output is used by Xcode 'outputs' to avoid re-running this script phase.\necho \"SUCCESS\" > \"${SCRIPT_OUTPUT_FILE_0}\"\n";
			showEnvVarsInLog = 0;
		};
		8A58FDAA41F09616652721FE /* [CP] Embed Pods Frameworks */ = {
			isa = PBXShellScriptBuildPhase;
			buildActionMask = 2147483647;
			files = (
			);
			inputFileListPaths = (
				"${PODS_ROOT}/Target Support Files/Pods-TrickDraw/Pods-TrickDraw-frameworks-${CONFIGURATION}-input-files.xcfilelist",
			);
			name = "[CP] Embed Pods Frameworks";
			outputFileListPaths = (
				"${PODS_ROOT}/Target Support Files/Pods-TrickDraw/Pods-TrickDraw-frameworks-${CONFIGURATION}-output-files.xcfilelist",
			);
			runOnlyForDeploymentPostprocessing = 0;
			shellPath = /bin/sh;
			shellScript = "\"${PODS_ROOT}/Target Support Files/Pods-TrickDraw/Pods-TrickDraw-frameworks.sh\"\n";
			showEnvVarsInLog = 0;
		};
		90770854EC25D21D3BB614CE /* [CP] Embed Pods Frameworks */ = {
			isa = PBXShellScriptBuildPhase;
			buildActionMask = 2147483647;
			files = (
			);
			inputFileListPaths = (
				"${PODS_ROOT}/Target Support Files/Pods-TrickDraw-TrickDrawUITests/Pods-TrickDraw-TrickDrawUITests-frameworks-${CONFIGURATION}-input-files.xcfilelist",
			);
			name = "[CP] Embed Pods Frameworks";
			outputFileListPaths = (
				"${PODS_ROOT}/Target Support Files/Pods-TrickDraw-TrickDrawUITests/Pods-TrickDraw-TrickDrawUITests-frameworks-${CONFIGURATION}-output-files.xcfilelist",
			);
			runOnlyForDeploymentPostprocessing = 0;
			shellPath = /bin/sh;
			shellScript = "\"${PODS_ROOT}/Target Support Files/Pods-TrickDraw-TrickDrawUITests/Pods-TrickDraw-TrickDrawUITests-frameworks.sh\"\n";
			showEnvVarsInLog = 0;
		};
		A7D1027B533162DFE3DEEE45 /* [CP] Check Pods Manifest.lock */ = {
			isa = PBXShellScriptBuildPhase;
			buildActionMask = 2147483647;
			files = (
			);
			inputFileListPaths = (
			);
			inputPaths = (
				"${PODS_PODFILE_DIR_PATH}/Podfile.lock",
				"${PODS_ROOT}/Manifest.lock",
			);
			name = "[CP] Check Pods Manifest.lock";
			outputFileListPaths = (
			);
			outputPaths = (
				"$(DERIVED_FILE_DIR)/Pods-TrickDraw-TrickDrawUITests-checkManifestLockResult.txt",
			);
			runOnlyForDeploymentPostprocessing = 0;
			shellPath = /bin/sh;
			shellScript = "diff \"${PODS_PODFILE_DIR_PATH}/Podfile.lock\" \"${PODS_ROOT}/Manifest.lock\" > /dev/null\nif [ $? != 0 ] ; then\n    # print error to STDERR\n    echo \"error: The sandbox is not in sync with the Podfile.lock. Run 'pod install' or update your CocoaPods installation.\" >&2\n    exit 1\nfi\n# This output is used by Xcode 'outputs' to avoid re-running this script phase.\necho \"SUCCESS\" > \"${SCRIPT_OUTPUT_FILE_0}\"\n";
			showEnvVarsInLog = 0;
		};
/* End PBXShellScriptBuildPhase section */

/* Begin PBXSourcesBuildPhase section */
		789F0BCC251124C100C7CD01 /* Sources */ = {
			isa = PBXSourcesBuildPhase;
			buildActionMask = 2147483647;
			files = (
				789F0BD4251124C100C7CD01 /* AppDelegate.swift in Sources */,
				78732CC12515129F005ABFBE /* DrawGuessCommonOnlineViewModel.swift in Sources */,
				789F0BD6251124C100C7CD01 /* SceneDelegate.swift in Sources */,
				78732CA4251467DB005ABFBE /* CanvasViewWrapper.swift in Sources */,
				78D124E4251915A6005DA2A4 /* GameAPI.swift in Sources */,
				781027FA2516612100B493BC /* Player.swift in Sources */,
				78732C8E25144EC3005ABFBE /* DrawScreenView.swift in Sources */,
				785980D92511472800722FDE /* QuickDrawModelDataHandler.swift in Sources */,
				784C88152511598400943942 /* TFLiteExtensions.swift in Sources */,
				78732CB825150F68005ABFBE /* DrawScreenViewModel.swift in Sources */,
				78732C6F251424C6005ABFBE /* GameSession.swift in Sources */,
				781027DA2515860E00B493BC /* ReadyScreenView.swift in Sources */,
				78925BC725197FDF009B9096 /* LoadableResult.swift in Sources */,
				785041CA251A758C008391AA /* PlayInfo.swift in Sources */,
				78732CCD251517EA005ABFBE /* LobbyScreenView.swift in Sources */,
				785980D7251146F800722FDE /* ModelDataHandling.swift in Sources */,
				785041E1251A7635008391AA /* GuessScreenView.swift in Sources */,
				781027EE251589BC00B493BC /* PlayContainerView.swift in Sources */,
				781027E6251589B300B493BC /* PlayContainerViewModel.swift in Sources */,
				78732D0425151EA2005ABFBE /* LobbyScreenViewModel.swift in Sources */,
				7810279C2515632500B493BC /* AuthWrapperView.swift in Sources */,
				781027DF2515863600B493BC /* ReadyScreenViewModel.swift in Sources */,
				789F0BD8251124C100C7CD01 /* ContentView.swift in Sources */,
			);
			runOnlyForDeploymentPostprocessing = 0;
		};
		789F0BE2251124C400C7CD01 /* Sources */ = {
			isa = PBXSourcesBuildPhase;
			buildActionMask = 2147483647;
			files = (
				789F0BEB251124C400C7CD01 /* TrickDrawTests.swift in Sources */,
			);
			runOnlyForDeploymentPostprocessing = 0;
		};
		789F0BED251124C400C7CD01 /* Sources */ = {
			isa = PBXSourcesBuildPhase;
			buildActionMask = 2147483647;
			files = (
				789F0BF6251124C400C7CD01 /* TrickDrawUITests.swift in Sources */,
			);
			runOnlyForDeploymentPostprocessing = 0;
		};
/* End PBXSourcesBuildPhase section */

/* Begin PBXTargetDependency section */
		789F0BE8251124C400C7CD01 /* PBXTargetDependency */ = {
			isa = PBXTargetDependency;
			target = 789F0BCF251124C100C7CD01 /* TrickDraw */;
			targetProxy = 789F0BE7251124C400C7CD01 /* PBXContainerItemProxy */;
		};
		789F0BF3251124C400C7CD01 /* PBXTargetDependency */ = {
			isa = PBXTargetDependency;
			target = 789F0BCF251124C100C7CD01 /* TrickDraw */;
			targetProxy = 789F0BF2251124C400C7CD01 /* PBXContainerItemProxy */;
		};
/* End PBXTargetDependency section */

/* Begin PBXVariantGroup section */
		789F0BDE251124C400C7CD01 /* LaunchScreen.storyboard */ = {
			isa = PBXVariantGroup;
			children = (
				789F0BDF251124C400C7CD01 /* Base */,
			);
			name = LaunchScreen.storyboard;
			sourceTree = "<group>";
		};
/* End PBXVariantGroup section */

/* Begin XCBuildConfiguration section */
		789F0BF8251124C400C7CD01 /* Debug */ = {
			isa = XCBuildConfiguration;
			buildSettings = {
				ALWAYS_SEARCH_USER_PATHS = NO;
				CLANG_ANALYZER_NONNULL = YES;
				CLANG_ANALYZER_NUMBER_OBJECT_CONVERSION = YES_AGGRESSIVE;
				CLANG_CXX_LANGUAGE_STANDARD = "gnu++14";
				CLANG_CXX_LIBRARY = "libc++";
				CLANG_ENABLE_MODULES = YES;
				CLANG_ENABLE_OBJC_ARC = YES;
				CLANG_ENABLE_OBJC_WEAK = YES;
				CLANG_WARN_BLOCK_CAPTURE_AUTORELEASING = YES;
				CLANG_WARN_BOOL_CONVERSION = YES;
				CLANG_WARN_COMMA = YES;
				CLANG_WARN_CONSTANT_CONVERSION = YES;
				CLANG_WARN_DEPRECATED_OBJC_IMPLEMENTATIONS = YES;
				CLANG_WARN_DIRECT_OBJC_ISA_USAGE = YES_ERROR;
				CLANG_WARN_DOCUMENTATION_COMMENTS = YES;
				CLANG_WARN_EMPTY_BODY = YES;
				CLANG_WARN_ENUM_CONVERSION = YES;
				CLANG_WARN_INFINITE_RECURSION = YES;
				CLANG_WARN_INT_CONVERSION = YES;
				CLANG_WARN_NON_LITERAL_NULL_CONVERSION = YES;
				CLANG_WARN_OBJC_IMPLICIT_RETAIN_SELF = YES;
				CLANG_WARN_OBJC_LITERAL_CONVERSION = YES;
				CLANG_WARN_OBJC_ROOT_CLASS = YES_ERROR;
				CLANG_WARN_RANGE_LOOP_ANALYSIS = YES;
				CLANG_WARN_STRICT_PROTOTYPES = YES;
				CLANG_WARN_SUSPICIOUS_MOVE = YES;
				CLANG_WARN_UNGUARDED_AVAILABILITY = YES_AGGRESSIVE;
				CLANG_WARN_UNREACHABLE_CODE = YES;
				CLANG_WARN__DUPLICATE_METHOD_MATCH = YES;
				COPY_PHASE_STRIP = NO;
				DEBUG_INFORMATION_FORMAT = dwarf;
				ENABLE_STRICT_OBJC_MSGSEND = YES;
				ENABLE_TESTABILITY = YES;
				GCC_C_LANGUAGE_STANDARD = gnu11;
				GCC_DYNAMIC_NO_PIC = NO;
				GCC_NO_COMMON_BLOCKS = YES;
				GCC_OPTIMIZATION_LEVEL = 0;
				GCC_PREPROCESSOR_DEFINITIONS = (
					"DEBUG=1",
					"$(inherited)",
				);
				GCC_WARN_64_TO_32_BIT_CONVERSION = YES;
				GCC_WARN_ABOUT_RETURN_TYPE = YES_ERROR;
				GCC_WARN_UNDECLARED_SELECTOR = YES;
				GCC_WARN_UNINITIALIZED_AUTOS = YES_AGGRESSIVE;
				GCC_WARN_UNUSED_FUNCTION = YES;
				GCC_WARN_UNUSED_VARIABLE = YES;
				IPHONEOS_DEPLOYMENT_TARGET = 13.6;
				MTL_ENABLE_DEBUG_INFO = INCLUDE_SOURCE;
				MTL_FAST_MATH = YES;
				ONLY_ACTIVE_ARCH = YES;
				SDKROOT = iphoneos;
				SWIFT_ACTIVE_COMPILATION_CONDITIONS = DEBUG;
				SWIFT_OPTIMIZATION_LEVEL = "-Onone";
			};
			name = Debug;
		};
		789F0BF9251124C400C7CD01 /* Release */ = {
			isa = XCBuildConfiguration;
			buildSettings = {
				ALWAYS_SEARCH_USER_PATHS = NO;
				CLANG_ANALYZER_NONNULL = YES;
				CLANG_ANALYZER_NUMBER_OBJECT_CONVERSION = YES_AGGRESSIVE;
				CLANG_CXX_LANGUAGE_STANDARD = "gnu++14";
				CLANG_CXX_LIBRARY = "libc++";
				CLANG_ENABLE_MODULES = YES;
				CLANG_ENABLE_OBJC_ARC = YES;
				CLANG_ENABLE_OBJC_WEAK = YES;
				CLANG_WARN_BLOCK_CAPTURE_AUTORELEASING = YES;
				CLANG_WARN_BOOL_CONVERSION = YES;
				CLANG_WARN_COMMA = YES;
				CLANG_WARN_CONSTANT_CONVERSION = YES;
				CLANG_WARN_DEPRECATED_OBJC_IMPLEMENTATIONS = YES;
				CLANG_WARN_DIRECT_OBJC_ISA_USAGE = YES_ERROR;
				CLANG_WARN_DOCUMENTATION_COMMENTS = YES;
				CLANG_WARN_EMPTY_BODY = YES;
				CLANG_WARN_ENUM_CONVERSION = YES;
				CLANG_WARN_INFINITE_RECURSION = YES;
				CLANG_WARN_INT_CONVERSION = YES;
				CLANG_WARN_NON_LITERAL_NULL_CONVERSION = YES;
				CLANG_WARN_OBJC_IMPLICIT_RETAIN_SELF = YES;
				CLANG_WARN_OBJC_LITERAL_CONVERSION = YES;
				CLANG_WARN_OBJC_ROOT_CLASS = YES_ERROR;
				CLANG_WARN_RANGE_LOOP_ANALYSIS = YES;
				CLANG_WARN_STRICT_PROTOTYPES = YES;
				CLANG_WARN_SUSPICIOUS_MOVE = YES;
				CLANG_WARN_UNGUARDED_AVAILABILITY = YES_AGGRESSIVE;
				CLANG_WARN_UNREACHABLE_CODE = YES;
				CLANG_WARN__DUPLICATE_METHOD_MATCH = YES;
				COPY_PHASE_STRIP = NO;
				DEBUG_INFORMATION_FORMAT = "dwarf-with-dsym";
				ENABLE_NS_ASSERTIONS = NO;
				ENABLE_STRICT_OBJC_MSGSEND = YES;
				GCC_C_LANGUAGE_STANDARD = gnu11;
				GCC_NO_COMMON_BLOCKS = YES;
				GCC_WARN_64_TO_32_BIT_CONVERSION = YES;
				GCC_WARN_ABOUT_RETURN_TYPE = YES_ERROR;
				GCC_WARN_UNDECLARED_SELECTOR = YES;
				GCC_WARN_UNINITIALIZED_AUTOS = YES_AGGRESSIVE;
				GCC_WARN_UNUSED_FUNCTION = YES;
				GCC_WARN_UNUSED_VARIABLE = YES;
				IPHONEOS_DEPLOYMENT_TARGET = 13.6;
				MTL_ENABLE_DEBUG_INFO = NO;
				MTL_FAST_MATH = YES;
				SDKROOT = iphoneos;
				SWIFT_COMPILATION_MODE = wholemodule;
				SWIFT_OPTIMIZATION_LEVEL = "-O";
				VALIDATE_PRODUCT = YES;
			};
			name = Release;
		};
		789F0BFB251124C400C7CD01 /* Debug */ = {
			isa = XCBuildConfiguration;
			baseConfigurationReference = 38FB1D5554FA3C0A8C6D15B3 /* Pods-TrickDraw.debug.xcconfig */;
			buildSettings = {
				ASSETCATALOG_COMPILER_APPICON_NAME = AppIcon;
				CODE_SIGN_STYLE = Automatic;
				DEVELOPMENT_ASSET_PATHS = "\"TrickDraw/Preview Content\"";
				DEVELOPMENT_TEAM = U2PH7ZJ755;
				ENABLE_PREVIEWS = YES;
				INFOPLIST_FILE = TrickDraw/Info.plist;
				LD_RUNPATH_SEARCH_PATHS = (
					"$(inherited)",
					"@executable_path/Frameworks",
				);
				PRODUCT_BUNDLE_IDENTIFIER = com.google.trickdraw2;
				PRODUCT_NAME = "$(TARGET_NAME)";
				SWIFT_VERSION = 5.0;
				TARGETED_DEVICE_FAMILY = "1,2";
			};
			name = Debug;
		};
		789F0BFC251124C400C7CD01 /* Release */ = {
			isa = XCBuildConfiguration;
			baseConfigurationReference = 16DCF88B05FA6FE1C3257D6A /* Pods-TrickDraw.release.xcconfig */;
			buildSettings = {
				ASSETCATALOG_COMPILER_APPICON_NAME = AppIcon;
				CODE_SIGN_STYLE = Automatic;
				DEVELOPMENT_ASSET_PATHS = "\"TrickDraw/Preview Content\"";
				DEVELOPMENT_TEAM = U2PH7ZJ755;
				ENABLE_PREVIEWS = YES;
				INFOPLIST_FILE = TrickDraw/Info.plist;
				LD_RUNPATH_SEARCH_PATHS = (
					"$(inherited)",
					"@executable_path/Frameworks",
				);
				PRODUCT_BUNDLE_IDENTIFIER = com.google.trickdraw2;
				PRODUCT_NAME = "$(TARGET_NAME)";
				SWIFT_VERSION = 5.0;
				TARGETED_DEVICE_FAMILY = "1,2";
			};
			name = Release;
		};
		789F0BFE251124C400C7CD01 /* Debug */ = {
			isa = XCBuildConfiguration;
			baseConfigurationReference = C3935E74DF1B9EF97481F93C /* Pods-TrickDrawTests.debug.xcconfig */;
			buildSettings = {
				ALWAYS_EMBED_SWIFT_STANDARD_LIBRARIES = YES;
				BUNDLE_LOADER = "$(TEST_HOST)";
				CODE_SIGN_STYLE = Automatic;
				INFOPLIST_FILE = TrickDrawTests/Info.plist;
				IPHONEOS_DEPLOYMENT_TARGET = 13.7;
				LD_RUNPATH_SEARCH_PATHS = (
					"$(inherited)",
					"@executable_path/Frameworks",
					"@loader_path/Frameworks",
				);
				PRODUCT_BUNDLE_IDENTIFIER = com.google.TrickDrawTests;
				PRODUCT_NAME = "$(TARGET_NAME)";
				SWIFT_VERSION = 5.0;
				TARGETED_DEVICE_FAMILY = "1,2";
				TEST_HOST = "$(BUILT_PRODUCTS_DIR)/TrickDraw.app/TrickDraw";
			};
			name = Debug;
		};
		789F0BFF251124C400C7CD01 /* Release */ = {
			isa = XCBuildConfiguration;
			baseConfigurationReference = 6CE80A37E82EFF630AEB2250 /* Pods-TrickDrawTests.release.xcconfig */;
			buildSettings = {
				ALWAYS_EMBED_SWIFT_STANDARD_LIBRARIES = YES;
				BUNDLE_LOADER = "$(TEST_HOST)";
				CODE_SIGN_STYLE = Automatic;
				INFOPLIST_FILE = TrickDrawTests/Info.plist;
				IPHONEOS_DEPLOYMENT_TARGET = 13.7;
				LD_RUNPATH_SEARCH_PATHS = (
					"$(inherited)",
					"@executable_path/Frameworks",
					"@loader_path/Frameworks",
				);
				PRODUCT_BUNDLE_IDENTIFIER = com.google.TrickDrawTests;
				PRODUCT_NAME = "$(TARGET_NAME)";
				SWIFT_VERSION = 5.0;
				TARGETED_DEVICE_FAMILY = "1,2";
				TEST_HOST = "$(BUILT_PRODUCTS_DIR)/TrickDraw.app/TrickDraw";
			};
			name = Release;
		};
		789F0C01251124C400C7CD01 /* Debug */ = {
			isa = XCBuildConfiguration;
			baseConfigurationReference = 464B7F433751615EBF0DE4E6 /* Pods-TrickDraw-TrickDrawUITests.debug.xcconfig */;
			buildSettings = {
				ALWAYS_EMBED_SWIFT_STANDARD_LIBRARIES = YES;
				CODE_SIGN_STYLE = Automatic;
				INFOPLIST_FILE = TrickDrawUITests/Info.plist;
				LD_RUNPATH_SEARCH_PATHS = (
					"$(inherited)",
					"@executable_path/Frameworks",
					"@loader_path/Frameworks",
				);
				PRODUCT_BUNDLE_IDENTIFIER = com.google.TrickDrawUITests;
				PRODUCT_NAME = "$(TARGET_NAME)";
				SWIFT_VERSION = 5.0;
				TARGETED_DEVICE_FAMILY = "1,2";
				TEST_TARGET_NAME = TrickDraw;
			};
			name = Debug;
		};
		789F0C02251124C400C7CD01 /* Release */ = {
			isa = XCBuildConfiguration;
			baseConfigurationReference = ADBBBCCFECB515A0B667AABC /* Pods-TrickDraw-TrickDrawUITests.release.xcconfig */;
			buildSettings = {
				ALWAYS_EMBED_SWIFT_STANDARD_LIBRARIES = YES;
				CODE_SIGN_STYLE = Automatic;
				INFOPLIST_FILE = TrickDrawUITests/Info.plist;
				LD_RUNPATH_SEARCH_PATHS = (
					"$(inherited)",
					"@executable_path/Frameworks",
					"@loader_path/Frameworks",
				);
				PRODUCT_BUNDLE_IDENTIFIER = com.google.TrickDrawUITests;
				PRODUCT_NAME = "$(TARGET_NAME)";
				SWIFT_VERSION = 5.0;
				TARGETED_DEVICE_FAMILY = "1,2";
				TEST_TARGET_NAME = TrickDraw;
			};
			name = Release;
		};
/* End XCBuildConfiguration section */

/* Begin XCConfigurationList section */
		789F0BCB251124C100C7CD01 /* Build configuration list for PBXProject "TrickDraw" */ = {
			isa = XCConfigurationList;
			buildConfigurations = (
				789F0BF8251124C400C7CD01 /* Debug */,
				789F0BF9251124C400C7CD01 /* Release */,
			);
			defaultConfigurationIsVisible = 0;
			defaultConfigurationName = Release;
		};
		789F0BFA251124C400C7CD01 /* Build configuration list for PBXNativeTarget "TrickDraw" */ = {
			isa = XCConfigurationList;
			buildConfigurations = (
				789F0BFB251124C400C7CD01 /* Debug */,
				789F0BFC251124C400C7CD01 /* Release */,
			);
			defaultConfigurationIsVisible = 0;
			defaultConfigurationName = Release;
		};
		789F0BFD251124C400C7CD01 /* Build configuration list for PBXNativeTarget "TrickDrawTests" */ = {
			isa = XCConfigurationList;
			buildConfigurations = (
				789F0BFE251124C400C7CD01 /* Debug */,
				789F0BFF251124C400C7CD01 /* Release */,
			);
			defaultConfigurationIsVisible = 0;
			defaultConfigurationName = Release;
		};
		789F0C00251124C400C7CD01 /* Build configuration list for PBXNativeTarget "TrickDrawUITests" */ = {
			isa = XCConfigurationList;
			buildConfigurations = (
				789F0C01251124C400C7CD01 /* Debug */,
				789F0C02251124C400C7CD01 /* Release */,
			);
			defaultConfigurationIsVisible = 0;
			defaultConfigurationName = Release;
		};
/* End XCConfigurationList section */
	};
	rootObject = 789F0BC8251124C100C7CD01 /* Project object */;
}
